
Microsoft Visual Studio Solution File, Format Version 12.00
# Visual Studio Version 16
VisualStudioVersion = 16.0.31911.196
MinimumVisualStudioVersion = 10.0.40219.1
Project("{FAE04EC0-301F-11D3-BF4B-00C04F79EFBC}") = "delegate_seasoon_month", "delegate_seasoon_month\delegate_seasoon_month.csproj", "{21895E73-BBBC-4A02-B3C7-30A515CD1CF2}"
EndProject
Global
	GlobalSection(SolutionConfigurationPlatforms) = preSolution
		Debug|Any CPU = Debug|Any CPU
		Release|Any CPU = Release|Any CPU
	EndGlobalSection
	GlobalSection(ProjectConfigurationPlatforms) = postSolution
		{21895E73-BBBC-4A02-B3C7-30A515CD1CF2}.Debug|Any CPU.ActiveCfg = Debug|Any CPU
		{21895E73-BBBC-4A02-B3C7-30A515CD1CF2}.Debug|Any CPU.Build.0 = Debug|Any CPU
		{21895E73-BBBC-4A02-B3C7-30A515CD1CF2}.Release|Any CPU.ActiveCfg = Release|Any CPU
		{21895E73-BBBC-4A02-B3C7-30A515CD1CF2}.Release|Any CPU.Build.0 = Release|Any CPU
	EndGlobalSection
	GlobalSection(SolutionProperties) = preSolution
		HideSolutionNode = FALSE
	EndGlobalSection
	GlobalSection(ExtensibilityGlobals) = postSolution
		SolutionGuid = {BF9EE961-4024-4E7B-934F-3F39688196F1}
	EndGlobalSection
EndGlobal
