
Microsoft Visual Studio Solution File, Format Version 12.00
# Visual Studio Version 16
VisualStudioVersion = 16.0.31911.196
MinimumVisualStudioVersion = 10.0.40219.1
Project("{FAE04EC0-301F-11D3-BF4B-00C04F79EFBC}") = "StudentsAndGroups", "StudentsAndGroups\StudentsAndGroups.csproj", "{F9EC64DB-D40D-49B6-A661-0D9DFEEBAC85}"
EndProject
Global
	GlobalSection(SolutionConfigurationPlatforms) = preSolution
		Debug|Any CPU = Debug|Any CPU
		Release|Any CPU = Release|Any CPU
	EndGlobalSection
	GlobalSection(ProjectConfigurationPlatforms) = postSolution
		{F9EC64DB-D40D-49B6-A661-0D9DFEEBAC85}.Debug|Any CPU.ActiveCfg = Debug|Any CPU
		{F9EC64DB-D40D-49B6-A661-0D9DFEEBAC85}.Debug|Any CPU.Build.0 = Debug|Any CPU
		{F9EC64DB-D40D-49B6-A661-0D9DFEEBAC85}.Release|Any CPU.ActiveCfg = Release|Any CPU
		{F9EC64DB-D40D-49B6-A661-0D9DFEEBAC85}.Release|Any CPU.Build.0 = Release|Any CPU
	EndGlobalSection
	GlobalSection(SolutionProperties) = preSolution
		HideSolutionNode = FALSE
	EndGlobalSection
	GlobalSection(ExtensibilityGlobals) = postSolution
		SolutionGuid = {D7154732-1C12-4380-90BB-43F5142E3E3F}
	EndGlobalSection
EndGlobal
