
Microsoft Visual Studio Solution File, Format Version 12.00
# Visual Studio Version 16
VisualStudioVersion = 16.0.31911.196
MinimumVisualStudioVersion = 10.0.40219.1
Project("{FAE04EC0-301F-11D3-BF4B-00C04F79EFBC}") = "Asynchornous", "Asynchornous\Asynchornous.csproj", "{ADBDDDEB-F8AD-48DB-90FE-36756B1C7C68}"
EndProject
Global
	GlobalSection(SolutionConfigurationPlatforms) = preSolution
		Debug|Any CPU = Debug|Any CPU
		Release|Any CPU = Release|Any CPU
	EndGlobalSection
	GlobalSection(ProjectConfigurationPlatforms) = postSolution
		{ADBDDDEB-F8AD-48DB-90FE-36756B1C7C68}.Debug|Any CPU.ActiveCfg = Debug|Any CPU
		{ADBDDDEB-F8AD-48DB-90FE-36756B1C7C68}.Debug|Any CPU.Build.0 = Debug|Any CPU
		{ADBDDDEB-F8AD-48DB-90FE-36756B1C7C68}.Release|Any CPU.ActiveCfg = Release|Any CPU
		{ADBDDDEB-F8AD-48DB-90FE-36756B1C7C68}.Release|Any CPU.Build.0 = Release|Any CPU
	EndGlobalSection
	GlobalSection(SolutionProperties) = preSolution
		HideSolutionNode = FALSE
	EndGlobalSection
	GlobalSection(ExtensibilityGlobals) = postSolution
		SolutionGuid = {DC5987A3-0A32-43DD-BE86-428D2573CC4F}
	EndGlobalSection
EndGlobal
