
Microsoft Visual Studio Solution File, Format Version 12.00
# Visual Studio Version 16
VisualStudioVersion = 16.0.31911.196
MinimumVisualStudioVersion = 10.0.40219.1
Project("{FAE04EC0-301F-11D3-BF4B-00C04F79EFBC}") = "Task_2_3_4", "Task_2_3_4\Task_2_3_4.csproj", "{05324A93-281F-4166-A283-0EB941F2D3F4}"
EndProject
Global
	GlobalSection(SolutionConfigurationPlatforms) = preSolution
		Debug|Any CPU = Debug|Any CPU
		Release|Any CPU = Release|Any CPU
	EndGlobalSection
	GlobalSection(ProjectConfigurationPlatforms) = postSolution
		{05324A93-281F-4166-A283-0EB941F2D3F4}.Debug|Any CPU.ActiveCfg = Debug|Any CPU
		{05324A93-281F-4166-A283-0EB941F2D3F4}.Debug|Any CPU.Build.0 = Debug|Any CPU
		{05324A93-281F-4166-A283-0EB941F2D3F4}.Release|Any CPU.ActiveCfg = Release|Any CPU
		{05324A93-281F-4166-A283-0EB941F2D3F4}.Release|Any CPU.Build.0 = Release|Any CPU
	EndGlobalSection
	GlobalSection(SolutionProperties) = preSolution
		HideSolutionNode = FALSE
	EndGlobalSection
	GlobalSection(ExtensibilityGlobals) = postSolution
		SolutionGuid = {00BD0BA6-4980-4D3F-87B3-72CC041FA247}
	EndGlobalSection
EndGlobal
