
Microsoft Visual Studio Solution File, Format Version 12.00
# Visual Studio Version 16
VisualStudioVersion = 16.0.31911.196
MinimumVisualStudioVersion = 10.0.40219.1
Project("{FAE04EC0-301F-11D3-BF4B-00C04F79EFBC}") = "Ins_Upda_Delete", "Ins_Upda_Delete\Ins_Upda_Delete.csproj", "{5DB7351A-F4F7-437C-BD27-EF369EB7261D}"
EndProject
Global
	GlobalSection(SolutionConfigurationPlatforms) = preSolution
		Debug|Any CPU = Debug|Any CPU
		Release|Any CPU = Release|Any CPU
	EndGlobalSection
	GlobalSection(ProjectConfigurationPlatforms) = postSolution
		{5DB7351A-F4F7-437C-BD27-EF369EB7261D}.Debug|Any CPU.ActiveCfg = Debug|Any CPU
		{5DB7351A-F4F7-437C-BD27-EF369EB7261D}.Debug|Any CPU.Build.0 = Debug|Any CPU
		{5DB7351A-F4F7-437C-BD27-EF369EB7261D}.Release|Any CPU.ActiveCfg = Release|Any CPU
		{5DB7351A-F4F7-437C-BD27-EF369EB7261D}.Release|Any CPU.Build.0 = Release|Any CPU
	EndGlobalSection
	GlobalSection(SolutionProperties) = preSolution
		HideSolutionNode = FALSE
	EndGlobalSection
	GlobalSection(ExtensibilityGlobals) = postSolution
		SolutionGuid = {12D5197F-2EA9-4678-B3AD-E1CD7D4C6C33}
	EndGlobalSection
EndGlobal
